# Configuration for lock-threads - https://github.com/dessant/lock-threads
# disable lock bot for now
daysUntilLock: 3650
exemptLabels: []
lockLabel: false
lockComment: >
  This thread has been automatically locked since there has not been
  any recent activity after it was closed. Please open a new issue for
  related bugs.
